
Microsoft Visual Studio Solution File, Format Version 12.00
# Visual Studio 15
VisualStudioVersion = 15.0.28307.705
MinimumVisualStudioVersion = 10.0.40219.1
Project("{FAE04EC0-301F-11D3-BF4B-00C04F79EFBC}") = "reversestring", "reversestring\reversestring.csproj", "{58005FBB-B133-42CB-A816-B6E8DD9776E8}"
EndProject
Project("{FAE04EC0-301F-11D3-BF4B-00C04F79EFBC}") = "UnitTestProject1", "UnitTestProject1\UnitTestProject1.csproj", "{E6454591-2B61-4802-A15F-9949ACFCD3D4}"
EndProject
Global
	GlobalSection(SolutionConfigurationPlatforms) = preSolution
		Debug|Any CPU = Debug|Any CPU
		Release|Any CPU = Release|Any CPU
	EndGlobalSection
	GlobalSection(ProjectConfigurationPlatforms) = postSolution
		{58005FBB-B133-42CB-A816-B6E8DD9776E8}.Debug|Any CPU.ActiveCfg = Debug|Any CPU
		{58005FBB-B133-42CB-A816-B6E8DD9776E8}.Debug|Any CPU.Build.0 = Debug|Any CPU
		{58005FBB-B133-42CB-A816-B6E8DD9776E8}.Release|Any CPU.ActiveCfg = Release|Any CPU
		{58005FBB-B133-42CB-A816-B6E8DD9776E8}.Release|Any CPU.Build.0 = Release|Any CPU
		{E6454591-2B61-4802-A15F-9949ACFCD3D4}.Debug|Any CPU.ActiveCfg = Debug|Any CPU
		{E6454591-2B61-4802-A15F-9949ACFCD3D4}.Debug|Any CPU.Build.0 = Debug|Any CPU
		{E6454591-2B61-4802-A15F-9949ACFCD3D4}.Release|Any CPU.ActiveCfg = Release|Any CPU
		{E6454591-2B61-4802-A15F-9949ACFCD3D4}.Release|Any CPU.Build.0 = Release|Any CPU
	EndGlobalSection
	GlobalSection(SolutionProperties) = preSolution
		HideSolutionNode = FALSE
	EndGlobalSection
	GlobalSection(ExtensibilityGlobals) = postSolution
		SolutionGuid = {B74C5C02-6F76-472B-A84F-B0161F12D6A2}
	EndGlobalSection
EndGlobal
